{
  "version": 4,
  "terraform_version": "1.15.5",
  "serial": 8,
  "lineage": "43ee315d-0cd2-b68b-520f-decf3c4ba9ef",
  "outputs": {
    "access_urls": {
      "value": [
        "http://localhost:8300",
        "http://localhost:8301",
        "http://localhost:8302"
      ],
      "type": [
        "tuple",
        [
          "string",
          "string",
          "string"
        ]
      ]
    },
    "container_names": {
      "value": [
        "nginx-prod-0",
        "nginx-prod-1",
        "nginx-prod-2"
      ],
      "type": [
        "tuple",
        [
          "string",
          "string",
          "string"
        ]
      ]
    },
    "external_ports": {
      "value": [
        8300,
        8301,
        8302
      ],
      "type": [
        "tuple",
        [
          "number",
          "number",
          "number"
        ]
      ]
    }
  },
  "resources": [
    {
      "mode": "managed",
      "type": "docker_image",
      "name": "nginx",
      "provider": "provider[\"registry.terraform.io/kreuzwerker/docker\"]",
      "instances": [
        {
          "schema_version": 0,
          "attributes": {
            "build": [],
            "force_remove": null,
            "id": "sha256:5aca99593157f4ae539a5dec1092a0ad8762f8e2eb1789085a13a0f5622369f6nginx:latest",
            "image_id": "sha256:5aca99593157f4ae539a5dec1092a0ad8762f8e2eb1789085a13a0f5622369f6",
            "keep_locally": true,
            "name": "nginx:latest",
            "platform": null,
            "pull_triggers": null,
            "repo_digest": "nginx@sha256:5aca99593157f4ae539a5dec1092a0ad8762f8e2eb1789085a13a0f5622369f6",
            "timeouts": null,
            "triggers": null
          },
          "sensitive_attributes": [],
          "identity_schema_version": 0,
          "private": "eyJlMmJmYjczMC1lY2FhLTExZTYtOGY4OC0zNDM2M2JjN2M0YzAiOnsiY3JlYXRlIjoxMjAwMDAwMDAwMDAwLCJkZWxldGUiOjEyMDAwMDAwMDAwMDAsInVwZGF0ZSI6MTIwMDAwMDAwMDAwMH19"
        }
      ]
    }
  ],
  "check_results": null
}
